
Microsoft Visual Studio Solution File, Format Version 12.00
# Visual Studio Version 17
VisualStudioVersion = 17.10.35004.147
MinimumVisualStudioVersion = 10.0.40219.1
Project("{9A19103F-16F7-4668-BE54-9A1E7A4F7556}") = "BabyCiao", "BabyCiao\BabyCiao.csproj", "{5E151EFC-0F2C-41D8-85D6-7265BCF1F48A}"
EndProject
Project("{FAE04EC0-301F-11D3-BF4B-00C04F79EFBC}") = "BabyCiaoAPI", "BabyCiaoAPI\BabyCiaoAPI.csproj", "{4BE3DE55-7E59-4185-9177-466DABE8C59E}"
EndProject
Global
	GlobalSection(SolutionConfigurationPlatforms) = preSolution
		Debug|Any CPU = Debug|Any CPU
		Release|Any CPU = Release|Any CPU
	EndGlobalSection
	GlobalSection(ProjectConfigurationPlatforms) = postSolution
		{5E151EFC-0F2C-41D8-85D6-7265BCF1F48A}.Debug|Any CPU.ActiveCfg = Debug|Any CPU
		{5E151EFC-0F2C-41D8-85D6-7265BCF1F48A}.Debug|Any CPU.Build.0 = Debug|Any CPU
		{5E151EFC-0F2C-41D8-85D6-7265BCF1F48A}.Release|Any CPU.ActiveCfg = Release|Any CPU
		{5E151EFC-0F2C-41D8-85D6-7265BCF1F48A}.Release|Any CPU.Build.0 = Release|Any CPU
		{4BE3DE55-7E59-4185-9177-466DABE8C59E}.Debug|Any CPU.ActiveCfg = Debug|Any CPU
		{4BE3DE55-7E59-4185-9177-466DABE8C59E}.Debug|Any CPU.Build.0 = Debug|Any CPU
		{4BE3DE55-7E59-4185-9177-466DABE8C59E}.Release|Any CPU.ActiveCfg = Release|Any CPU
		{4BE3DE55-7E59-4185-9177-466DABE8C59E}.Release|Any CPU.Build.0 = Release|Any CPU
	EndGlobalSection
	GlobalSection(SolutionProperties) = preSolution
		HideSolutionNode = FALSE
	EndGlobalSection
	GlobalSection(ExtensibilityGlobals) = postSolution
		SolutionGuid = {0BADBF73-C0C7-4D9C-B0D9-F8FB81C316E2}
	EndGlobalSection
EndGlobal
